
Microsoft Visual Studio Solution File, Format Version 12.00
# Visual Studio Version 16
VisualStudioVersion = 16.0.31624.102
MinimumVisualStudioVersion = 10.0.40219.1
Project("{FAE04EC0-301F-11D3-BF4B-00C04F79EFBC}") = "MydictionaryExample", "MydictionaryExample\MydictionaryExample.csproj", "{AA5BC454-2FBE-48E7-971D-427DF6C7CB97}"
EndProject
Global
	GlobalSection(SolutionConfigurationPlatforms) = preSolution
		Debug|Any CPU = Debug|Any CPU
		Release|Any CPU = Release|Any CPU
	EndGlobalSection
	GlobalSection(ProjectConfigurationPlatforms) = postSolution
		{AA5BC454-2FBE-48E7-971D-427DF6C7CB97}.Debug|Any CPU.ActiveCfg = Debug|Any CPU
		{AA5BC454-2FBE-48E7-971D-427DF6C7CB97}.Debug|Any CPU.Build.0 = Debug|Any CPU
		{AA5BC454-2FBE-48E7-971D-427DF6C7CB97}.Release|Any CPU.ActiveCfg = Release|Any CPU
		{AA5BC454-2FBE-48E7-971D-427DF6C7CB97}.Release|Any CPU.Build.0 = Release|Any CPU
	EndGlobalSection
	GlobalSection(SolutionProperties) = preSolution
		HideSolutionNode = FALSE
	EndGlobalSection
	GlobalSection(ExtensibilityGlobals) = postSolution
		SolutionGuid = {BEB1D4AC-4F2C-46C7-A9B8-30029CAA0D78}
	EndGlobalSection
EndGlobal
